
Microsoft Visual Studio Solution File, Format Version 11.00
# Visual Studio 2010
Project("{FAE04EC0-301F-11D3-BF4B-00C04F79EFBC}") = "Assembly-CSharp", "Assembly-CSharp.csproj", "{cd215514-7535-9643-d692-6c53bfb3ba53}"
EndProject
Project("{FAE04EC0-301F-11D3-BF4B-00C04F79EFBC}") = "Assembly-CSharp-Editor", "Assembly-CSharp-Editor.csproj", "{b522e881-f8d0-78bb-7dc3-a2b4270d8def}"
EndProject
Global
	GlobalSection(SolutionConfigurationPlatforms) = preSolution
		Debug|Any CPU = Debug|Any CPU
	EndGlobalSection
	GlobalSection(ProjectConfigurationPlatforms) = postSolution
		{cd215514-7535-9643-d692-6c53bfb3ba53}.Debug|Any CPU.ActiveCfg = Debug|Any CPU
		{cd215514-7535-9643-d692-6c53bfb3ba53}.Debug|Any CPU.Build.0 = Debug|Any CPU
		{b522e881-f8d0-78bb-7dc3-a2b4270d8def}.Debug|Any CPU.ActiveCfg = Debug|Any CPU
		{b522e881-f8d0-78bb-7dc3-a2b4270d8def}.Debug|Any CPU.Build.0 = Debug|Any CPU
	EndGlobalSection
	GlobalSection(SolutionProperties) = preSolution
		HideSolutionNode = FALSE
	EndGlobalSection
EndGlobal
